
Microsoft Visual Studio Solution File, Format Version 12.00
# Visual Studio 15
VisualStudioVersion = 15.0.28307.1062
MinimumVisualStudioVersion = 10.0.40219.1
Project("{B1E792BE-AA5F-4E3C-8C82-674BF9C0715B}") = "repoProj", "repoProj\repoProj.tsproj", "{E51230DB-00E2-4BB6-9C78-DD45523ED741}"
EndProject
Global
	GlobalSection(SolutionConfigurationPlatforms) = preSolution
		Debug|TwinCAT CE7 (ARMV7) = Debug|TwinCAT CE7 (ARMV7)
		Debug|TwinCAT OS (ARMT2) = Debug|TwinCAT OS (ARMT2)
		Debug|TwinCAT RT (x64) = Debug|TwinCAT RT (x64)
		Debug|TwinCAT RT (x86) = Debug|TwinCAT RT (x86)
		Release|TwinCAT CE7 (ARMV7) = Release|TwinCAT CE7 (ARMV7)
		Release|TwinCAT OS (ARMT2) = Release|TwinCAT OS (ARMT2)
		Release|TwinCAT RT (x64) = Release|TwinCAT RT (x64)
		Release|TwinCAT RT (x86) = Release|TwinCAT RT (x86)
	EndGlobalSection
	GlobalSection(ProjectConfigurationPlatforms) = postSolution
		{E51230DB-00E2-4BB6-9C78-DD45523ED741}.Debug|TwinCAT CE7 (ARMV7).ActiveCfg = Debug|TwinCAT CE7 (ARMV7)
		{E51230DB-00E2-4BB6-9C78-DD45523ED741}.Debug|TwinCAT CE7 (ARMV7).Build.0 = Debug|TwinCAT CE7 (ARMV7)
		{E51230DB-00E2-4BB6-9C78-DD45523ED741}.Debug|TwinCAT OS (ARMT2).ActiveCfg = Debug|TwinCAT OS (ARMT2)
		{E51230DB-00E2-4BB6-9C78-DD45523ED741}.Debug|TwinCAT OS (ARMT2).Build.0 = Debug|TwinCAT OS (ARMT2)
		{E51230DB-00E2-4BB6-9C78-DD45523ED741}.Debug|TwinCAT RT (x64).ActiveCfg = Debug|TwinCAT RT (x64)
		{E51230DB-00E2-4BB6-9C78-DD45523ED741}.Debug|TwinCAT RT (x64).Build.0 = Debug|TwinCAT RT (x64)
		{E51230DB-00E2-4BB6-9C78-DD45523ED741}.Debug|TwinCAT RT (x86).ActiveCfg = Debug|TwinCAT RT (x86)
		{E51230DB-00E2-4BB6-9C78-DD45523ED741}.Debug|TwinCAT RT (x86).Build.0 = Debug|TwinCAT RT (x86)
		{E51230DB-00E2-4BB6-9C78-DD45523ED741}.Release|TwinCAT CE7 (ARMV7).ActiveCfg = Release|TwinCAT CE7 (ARMV7)
		{E51230DB-00E2-4BB6-9C78-DD45523ED741}.Release|TwinCAT CE7 (ARMV7).Build.0 = Release|TwinCAT CE7 (ARMV7)
		{E51230DB-00E2-4BB6-9C78-DD45523ED741}.Release|TwinCAT OS (ARMT2).ActiveCfg = Release|TwinCAT OS (ARMT2)
		{E51230DB-00E2-4BB6-9C78-DD45523ED741}.Release|TwinCAT OS (ARMT2).Build.0 = Release|TwinCAT OS (ARMT2)
		{E51230DB-00E2-4BB6-9C78-DD45523ED741}.Release|TwinCAT RT (x64).ActiveCfg = Release|TwinCAT RT (x64)
		{E51230DB-00E2-4BB6-9C78-DD45523ED741}.Release|TwinCAT RT (x64).Build.0 = Release|TwinCAT RT (x64)
		{E51230DB-00E2-4BB6-9C78-DD45523ED741}.Release|TwinCAT RT (x86).ActiveCfg = Release|TwinCAT RT (x86)
		{E51230DB-00E2-4BB6-9C78-DD45523ED741}.Release|TwinCAT RT (x86).Build.0 = Release|TwinCAT RT (x86)
		{8F18ECA9-7278-43DC-B717-16B8AB3D7F0A}.Debug|TwinCAT CE7 (ARMV7).ActiveCfg = Debug|TwinCAT CE7 (ARMV7)
		{8F18ECA9-7278-43DC-B717-16B8AB3D7F0A}.Debug|TwinCAT CE7 (ARMV7).Build.0 = Debug|TwinCAT CE7 (ARMV7)
		{8F18ECA9-7278-43DC-B717-16B8AB3D7F0A}.Debug|TwinCAT OS (ARMT2).ActiveCfg = Debug|TwinCAT OS (ARMT2)
		{8F18ECA9-7278-43DC-B717-16B8AB3D7F0A}.Debug|TwinCAT OS (ARMT2).Build.0 = Debug|TwinCAT OS (ARMT2)
		{8F18ECA9-7278-43DC-B717-16B8AB3D7F0A}.Debug|TwinCAT RT (x64).ActiveCfg = Debug|TwinCAT RT (x64)
		{8F18ECA9-7278-43DC-B717-16B8AB3D7F0A}.Debug|TwinCAT RT (x64).Build.0 = Debug|TwinCAT RT (x64)
		{8F18ECA9-7278-43DC-B717-16B8AB3D7F0A}.Debug|TwinCAT RT (x86).ActiveCfg = Debug|TwinCAT RT (x86)
		{8F18ECA9-7278-43DC-B717-16B8AB3D7F0A}.Debug|TwinCAT RT (x86).Build.0 = Debug|TwinCAT RT (x86)
		{8F18ECA9-7278-43DC-B717-16B8AB3D7F0A}.Release|TwinCAT CE7 (ARMV7).ActiveCfg = Release|TwinCAT CE7 (ARMV7)
		{8F18ECA9-7278-43DC-B717-16B8AB3D7F0A}.Release|TwinCAT CE7 (ARMV7).Build.0 = Release|TwinCAT CE7 (ARMV7)
		{8F18ECA9-7278-43DC-B717-16B8AB3D7F0A}.Release|TwinCAT OS (ARMT2).ActiveCfg = Release|TwinCAT OS (ARMT2)
		{8F18ECA9-7278-43DC-B717-16B8AB3D7F0A}.Release|TwinCAT OS (ARMT2).Build.0 = Release|TwinCAT OS (ARMT2)
		{8F18ECA9-7278-43DC-B717-16B8AB3D7F0A}.Release|TwinCAT RT (x64).ActiveCfg = Release|TwinCAT RT (x64)
		{8F18ECA9-7278-43DC-B717-16B8AB3D7F0A}.Release|TwinCAT RT (x64).Build.0 = Release|TwinCAT RT (x64)
		{8F18ECA9-7278-43DC-B717-16B8AB3D7F0A}.Release|TwinCAT RT (x86).ActiveCfg = Release|TwinCAT RT (x86)
		{8F18ECA9-7278-43DC-B717-16B8AB3D7F0A}.Release|TwinCAT RT (x86).Build.0 = Release|TwinCAT RT (x86)
	EndGlobalSection
	GlobalSection(SolutionProperties) = preSolution
		HideSolutionNode = FALSE
	EndGlobalSection
	GlobalSection(ExtensibilityGlobals) = postSolution
		SolutionGuid = {4FD0CDA1-9B09-4D0C-AD5D-E3BCF8A3D85E}
	EndGlobalSection
EndGlobal
